// !$*UTF8*$!
{
	archiveVersion = 1;
	classes = {
	};
	objectVersion = 54;
	objects = {

/* Begin PBXBuildFile section */
		13XO8R9QPTSQEOYUJ0XIJQX3 /* Main.storyboard in Resources */ = {isa = PBXBuildFile; fileRef = U0NBAJG3KEZTXLSW9LYE5KA7 /* Main.storyboard */; };
		4EQV3XFTMJS1TH6V17F61N4D /* AppFrameworkInfo.plist in Resources */ = {isa = PBXBuildFile; fileRef = YHCIIW8XNHKDHYPSRU752U6P /* AppFrameworkInfo.plist */; };
		6BJUM32LDHKJV9ZNC54T5BL3 /* LaunchScreen.storyboard in Resources */ = {isa = PBXBuildFile; fileRef = CUUXJ9F08BIYP8PEWEZ032UN /* LaunchScreen.storyboard */; };
		7CA4QK91E5YRLEY8EONNQUCR /* SceneDelegate.swift in Sources */ = {isa = PBXBuildFile; fileRef = C43WGICV5GY8C89V87EP7WM6 /* SceneDelegate.swift */; };
		P9L6KWTHBML4EDJ5QCR3VGZK /* Assets.xcassets in Resources */ = {isa = PBXBuildFile; fileRef = 9OKI77PL447M262UZ6FVOZU8 /* Assets.xcassets */; };
		T24KC6D240DZD84MUG6SZUQH /* Pods_Runner.framework in Frameworks */ = {isa = PBXBuildFile; fileRef = 8DHS5MM1I7E3MI76JVFWDOPM /* Pods_Runner.framework */; };
		UBG7W3TCMMFNBT7YUCH4MLHT /* GeneratedPluginRegistrant.m in Sources */ = {isa = PBXBuildFile; fileRef = GWH0BBMVD8WDFAA441BPFQT9 /* GeneratedPluginRegistrant.m */; };
		YK1W7QAWVNJDK494Q6Y9K9FY /* AppDelegate.swift in Sources */ = {isa = PBXBuildFile; fileRef = FSCV99Q03OR5UQ3W0UHM3BON /* AppDelegate.swift */; };
		YZVEULESD3PLN3Q5S8E3O987 /* RunnerTests.swift in Sources */ = {isa = PBXBuildFile; fileRef = 3WQ5QJ0TPMAQ9SLQCEY376GO /* RunnerTests.swift */; };
		ZO7XMP5A5SWPFNAV06B6INJ7 /* Pods_RunnerTests.framework in Frameworks */ = {isa = PBXBuildFile; fileRef = 910P1YN4U0RG8UTJFD8XQ133 /* Pods_RunnerTests.framework */; };
/* End PBXBuildFile section */

/* Begin PBXContainerItemProxy section */
		KBV2VK7ZAZU3TDZ84UQVS6TP /* PBXContainerItemProxy */ = {
			isa = PBXContainerItemProxy;
			containerPortal = EHXL8UGZFV57CPAUPAGIDAMX /* Project object */;
			proxyType = 1;
			remoteGlobalIDString = SUY8IIOY99ACMUQ9UQAIKU61;
			remoteInfo = Runner;
		};
/* End PBXContainerItemProxy section */

/* Begin PBXCopyFilesBuildPhase section */
		YU0LDYQTPWSRAVF2HGDP77E1 /* Embed Frameworks */ = {
			isa = PBXCopyFilesBuildPhase;
			buildActionMask = 2147483647;
			dstPath = "";
			dstSubfolderSpec = 10;
			files = (
			);
			name = "Embed Frameworks";
			runOnlyForDeploymentPostprocessing = 0;
		};
/* End PBXCopyFilesBuildPhase section */

/* Begin PBXFileReference section */
		1D883GM7J9AZ38YT0M5A47B8 /* Pods-Runner.debug.xcconfig */ = {isa = PBXFileReference; includeInIndex = 1; lastKnownFileType = text.xcconfig; name = "Pods-Runner.debug.xcconfig"; path = "Target Support Files/Pods-Runner/Pods-Runner.debug.xcconfig"; sourceTree = "<group>"; };
		3WQ5QJ0TPMAQ9SLQCEY376GO /* RunnerTests.swift */ = {isa = PBXFileReference; lastKnownFileType = sourcecode.swift; path = RunnerTests.swift; sourceTree = "<group>"; };
		4Z5RWH3Y4F9RUFABTCR2O4ZU /* Base */ = {isa = PBXFileReference; lastKnownFileType = file.storyboard; name = Base; path = Base.lproj/LaunchScreen.storyboard; sourceTree = "<group>"; };
		845QL1PO2T1TGT4WALL7PHGE /* Pods-RunnerTests.debug.xcconfig */ = {isa = PBXFileReference; includeInIndex = 1; lastKnownFileType = text.xcconfig; name = "Pods-RunnerTests.debug.xcconfig"; path = "Target Support Files/Pods-RunnerTests/Pods-RunnerTests.debug.xcconfig"; sourceTree = "<group>"; };
		8DHS5MM1I7E3MI76JVFWDOPM /* Pods_Runner.framework */ = {isa = PBXFileReference; explicitFileType = wrapper.framework; includeInIndex = 0; path = Pods_Runner.framework; sourceTree = BUILT_PRODUCTS_DIR; };
		910P1YN4U0RG8UTJFD8XQ133 /* Pods_RunnerTests.framework */ = {isa = PBXFileReference; explicitFileType = wrapper.framework; includeInIndex = 0; path = Pods_RunnerTests.framework; sourceTree = BUILT_PRODUCTS_DIR; };
		9OKI77PL447M262UZ6FVOZU8 /* Assets.xcassets */ = {isa = PBXFileReference; lastKnownFileType = folder.assetcatalog; path = Assets.xcassets; sourceTree = "<group>"; };
		9XOLLZ38IC3FDJIERX59VPUY /* Base */ = {isa = PBXFileReference; lastKnownFileType = file.storyboard; name = Base; path = Base.lproj/Main.storyboard; sourceTree = "<group>"; };
		B3QWV5YA179EWQKX1M0BURQ9 /* Runner.app */ = {isa = PBXFileReference; explicitFileType = wrapper.application; includeInIndex = 0; path = Runner.app; sourceTree = BUILT_PRODUCTS_DIR; };
		C43WGICV5GY8C89V87EP7WM6 /* SceneDelegate.swift */ = {isa = PBXFileReference; lastKnownFileType = sourcecode.swift; path = SceneDelegate.swift; sourceTree = "<group>"; };
		DKJNWRZL1TQI6GLW9Y6EB2FS /* Pods-RunnerTests.profile.xcconfig */ = {isa = PBXFileReference; includeInIndex = 1; lastKnownFileType = text.xcconfig; name = "Pods-RunnerTests.profile.xcconfig"; path = "Target Support Files/Pods-RunnerTests/Pods-RunnerTests.profile.xcconfig"; sourceTree = "<group>"; };
		DVJN300F7GRHP9HS8KT9KHDC /* Pods-RunnerTests.release.xcconfig */ = {isa = PBXFileReference; includeInIndex = 1; lastKnownFileType = text.xcconfig; name = "Pods-RunnerTests.release.xcconfig"; path = "Target Support Files/Pods-RunnerTests/Pods-RunnerTests.release.xcconfig"; sourceTree = "<group>"; };
		EDVAV4S1W2IX9R1WUYY3Z60I /* Pods-Runner.profile.xcconfig */ = {isa = PBXFileReference; includeInIndex = 1; lastKnownFileType = text.xcconfig; name = "Pods-Runner.profile.xcconfig"; path = "Target Support Files/Pods-Runner/Pods-Runner.profile.xcconfig"; sourceTree = "<group>"; };
		FSCV99Q03OR5UQ3W0UHM3BON /* AppDelegate.swift */ = {isa = PBXFileReference; fileEncoding = 4; lastKnownFileType = sourcecode.swift; path = AppDelegate.swift; sourceTree = "<group>"; };
		GFHGMWBEMSAN98ZQ8EPNTPZV /* Release.xcconfig */ = {isa = PBXFileReference; lastKnownFileType = text.xcconfig; name = Release.xcconfig; path = Flutter/Release.xcconfig; sourceTree = "<group>"; };
		GWH0BBMVD8WDFAA441BPFQT9 /* GeneratedPluginRegistrant.m */ = {isa = PBXFileReference; fileEncoding = 4; lastKnownFileType = sourcecode.c.objc; path = GeneratedPluginRegistrant.m; sourceTree = "<group>"; };
		I92ICCA7JDHZ7APNZTUE7GPF /* Generated.xcconfig */ = {isa = PBXFileReference; fileEncoding = 4; lastKnownFileType = text.xcconfig; name = Generated.xcconfig; path = Flutter/Generated.xcconfig; sourceTree = "<group>"; };
		IY2Z3F3KZORUD13MK5JVOEM8 /* Info.plist */ = {isa = PBXFileReference; lastKnownFileType = text.plist.xml; path = Info.plist; sourceTree = "<group>"; };
		NMKQEV94WUBPREQPJSQQX3RC /* Pods-Runner.release.xcconfig */ = {isa = PBXFileReference; includeInIndex = 1; lastKnownFileType = text.xcconfig; name = "Pods-Runner.release.xcconfig"; path = "Target Support Files/Pods-Runner/Pods-Runner.release.xcconfig"; sourceTree = "<group>"; };
		SKFN7ENZ8V4M2QG4AMCVSALR /* GeneratedPluginRegistrant.h */ = {isa = PBXFileReference; lastKnownFileType = sourcecode.c.h; path = GeneratedPluginRegistrant.h; sourceTree = "<group>"; };
		SV9WKS6XIZ45DH2MVVCV3QXR /* Debug.xcconfig */ = {isa = PBXFileReference; fileEncoding = 4; lastKnownFileType = text.xcconfig; name = Debug.xcconfig; path = Flutter/Debug.xcconfig; sourceTree = "<group>"; };
		WS6MXW1CRU9XBMTCLG72EAZL /* RunnerTests.xctest */ = {isa = PBXFileReference; explicitFileType = wrapper.cfbundle; includeInIndex = 0; path = RunnerTests.xctest; sourceTree = BUILT_PRODUCTS_DIR; };
		YHCIIW8XNHKDHYPSRU752U6P /* AppFrameworkInfo.plist */ = {isa = PBXFileReference; fileEncoding = 4; lastKnownFileType = text.plist.xml; name = AppFrameworkInfo.plist; path = Flutter/AppFrameworkInfo.plist; sourceTree = "<group>"; };
		ZEFL89CFKQGVYNRDTHEYQ70J /* Runner-Bridging-Header.h */ = {isa = PBXFileReference; lastKnownFileType = sourcecode.c.h; path = "Runner-Bridging-Header.h"; sourceTree = "<group>"; };
/* End PBXFileReference section */

/* Begin PBXFrameworksBuildPhase section */
		K7FN8XS17GAFFU5TIB402VPQ /* Frameworks */ = {
			isa = PBXFrameworksBuildPhase;
			buildActionMask = 2147483647;
			files = (
				ZO7XMP5A5SWPFNAV06B6INJ7 /* Pods_RunnerTests.framework in Frameworks */,
			);
			runOnlyForDeploymentPostprocessing = 0;
		};
		LDPC4GL2U1LSF9FRDYN05TIW /* Frameworks */ = {
			isa = PBXFrameworksBuildPhase;
			buildActionMask = 2147483647;
			files = (
				T24KC6D240DZD84MUG6SZUQH /* Pods_Runner.framework in Frameworks */,
			);
			runOnlyForDeploymentPostprocessing = 0;
		};
/* End PBXFrameworksBuildPhase section */

/* Begin PBXGroup section */
		3U17KY7N00T25LPS3HBVJBB4 /* Products */ = {
			isa = PBXGroup;
			children = (
				B3QWV5YA179EWQKX1M0BURQ9 /* Runner.app */,
				WS6MXW1CRU9XBMTCLG72EAZL /* RunnerTests.xctest */,
			);
			name = Products;
			sourceTree = "<group>";
		};
		A7MAVL82F6TKJ6YX30HB6HPG /* Pods */ = {
			isa = PBXGroup;
			children = (
				DKJNWRZL1TQI6GLW9Y6EB2FS /* Pods-RunnerTests.profile.xcconfig */,
				NMKQEV94WUBPREQPJSQQX3RC /* Pods-Runner.release.xcconfig */,
				EDVAV4S1W2IX9R1WUYY3Z60I /* Pods-Runner.profile.xcconfig */,
				DVJN300F7GRHP9HS8KT9KHDC /* Pods-RunnerTests.release.xcconfig */,
				1D883GM7J9AZ38YT0M5A47B8 /* Pods-Runner.debug.xcconfig */,
				845QL1PO2T1TGT4WALL7PHGE /* Pods-RunnerTests.debug.xcconfig */,
			);
			path = Pods;
			sourceTree = "<group>";
		};
		NJSLSCQ7KNZKI6OUVNLCB6IH = {
			isa = PBXGroup;
			children = (
				Z2EN6GQRFA99B6BCS481S76K /* Runner */,
				A7MAVL82F6TKJ6YX30HB6HPG /* Pods */,
				3U17KY7N00T25LPS3HBVJBB4 /* Products */,
				OIITSDPX5DHE7PDH8OUXIPM4 /* Frameworks */,
				QQ1FT5KPN133FNGNBNRO65XA /* RunnerTests */,
				RQZFDISTPUMC85YYGVWX29TN /* Flutter */,
			);
			sourceTree = "<group>";
		};
		OIITSDPX5DHE7PDH8OUXIPM4 /* Frameworks */ = {
			isa = PBXGroup;
			children = (
				8DHS5MM1I7E3MI76JVFWDOPM /* Pods_Runner.framework */,
				910P1YN4U0RG8UTJFD8XQ133 /* Pods_RunnerTests.framework */,
			);
			name = Frameworks;
			sourceTree = "<group>";
		};
		QQ1FT5KPN133FNGNBNRO65XA /* RunnerTests */ = {
			isa = PBXGroup;
			children = (
				3WQ5QJ0TPMAQ9SLQCEY376GO /* RunnerTests.swift */,
			);
			path = RunnerTests;
			sourceTree = "<group>";
		};
		RQZFDISTPUMC85YYGVWX29TN /* Flutter */ = {
			isa = PBXGroup;
			children = (
				YHCIIW8XNHKDHYPSRU752U6P /* AppFrameworkInfo.plist */,
				SV9WKS6XIZ45DH2MVVCV3QXR /* Debug.xcconfig */,
				GFHGMWBEMSAN98ZQ8EPNTPZV /* Release.xcconfig */,
				I92ICCA7JDHZ7APNZTUE7GPF /* Generated.xcconfig */,
			);
			name = Flutter;
			sourceTree = "<group>";
		};
		Z2EN6GQRFA99B6BCS481S76K /* Runner */ = {
			isa = PBXGroup;
			children = (
				GWH0BBMVD8WDFAA441BPFQT9 /* GeneratedPluginRegistrant.m */,
				FSCV99Q03OR5UQ3W0UHM3BON /* AppDelegate.swift */,
				ZEFL89CFKQGVYNRDTHEYQ70J /* Runner-Bridging-Header.h */,
				9OKI77PL447M262UZ6FVOZU8 /* Assets.xcassets */,
				IY2Z3F3KZORUD13MK5JVOEM8 /* Info.plist */,
				SKFN7ENZ8V4M2QG4AMCVSALR /* GeneratedPluginRegistrant.h */,
				CUUXJ9F08BIYP8PEWEZ032UN /* LaunchScreen.storyboard */,
				U0NBAJG3KEZTXLSW9LYE5KA7 /* Main.storyboard */,
				C43WGICV5GY8C89V87EP7WM6 /* SceneDelegate.swift */,
			);
			path = Runner;
			sourceTree = "<group>";
		};
/* End PBXGroup section */

/* Begin PBXNativeTarget section */
		MF1PD1A5BC1MVU3U8HQDXAH4 /* RunnerTests */ = {
			isa = PBXNativeTarget;
			buildConfigurationList = YIXNNGAD4SP3DLQT5HMWASAN /* Build configuration list for PBXNativeTarget "RunnerTests" */;
			buildPhases = (
				BE1FWBIX22Y6TBZYL5L2PCCX /* [CP] Check Pods Manifest.lock */,
				H7YSH085MB72ZV7TQOTY5K5N /* Sources */,
				6PEMLLEKCU3DKN41R92GT8A8 /* Resources */,
				K7FN8XS17GAFFU5TIB402VPQ /* Frameworks */,
			);
			buildRules = (
			);
			dependencies = (
				G346NWJ4UZ4JTT5JZ23GGU65 /* PBXTargetDependency */,
			);
			name = RunnerTests;
			productName = RunnerTests;
			productReference = WS6MXW1CRU9XBMTCLG72EAZL /* RunnerTests.xctest */;
			productType = "com.apple.product-type.bundle.unit-test";
		};
		SUY8IIOY99ACMUQ9UQAIKU61 /* Runner */ = {
			isa = PBXNativeTarget;
			buildConfigurationList = CQRD65FD2XHHUMYX92R3HMVE /* Build configuration list for PBXNativeTarget "Runner" */;
			buildPhases = (
				UT8F2EEFL94OU4ZTGQ9S4F78 /* [CP] Check Pods Manifest.lock */,
				UYYEAZBYASBRYPIPUV2P7CSG /* Run Script */,
				NK0TDU4IVKII26C650HVVDPX /* Sources */,
				LDPC4GL2U1LSF9FRDYN05TIW /* Frameworks */,
				4DCHFMESM3WR4511SIIH967S /* Resources */,
				YU0LDYQTPWSRAVF2HGDP77E1 /* Embed Frameworks */,
				UP8JMADB97CYR1D0XCQ2OFQQ /* Thin Binary */,
				AGFQZ5741D56NPZ3CHF9UMB6 /* [CP] Embed Pods Frameworks */,
			);
			buildRules = (
			);
			dependencies = (
			);
			name = Runner;
			productName = Runner;
			productReference = B3QWV5YA179EWQKX1M0BURQ9 /* Runner.app */;
			productType = "com.apple.product-type.application";
		};
/* End PBXNativeTarget section */

/* Begin PBXProject section */
		EHXL8UGZFV57CPAUPAGIDAMX /* Project object */ = {
			isa = PBXProject;
			attributes = {
				BuildIndependentTargetsInParallel = YES;
				LastUpgradeCheck = 1510;
				ORGANIZATIONNAME = "";
				TargetAttributes = {
					MF1PD1A5BC1MVU3U8HQDXAH4 = {
						CreatedOnToolsVersion = 14.0;
						TestTargetID = SUY8IIOY99ACMUQ9UQAIKU61;
					};
					SUY8IIOY99ACMUQ9UQAIKU61 = {
						CreatedOnToolsVersion = 7.3.1;
						LastSwiftMigration = 1100;
					};
				};
			};
			buildConfigurationList = OLMX2I7AS7X0WSV7CPG0XK7C /* Build configuration list for PBXProject "Runner" */;
			compatibilityVersion = "Xcode 9.3";
			developmentRegion = en;
			hasScannedForEncodings = 0;
			knownRegions = (
				en,
				Base,
			);
			mainGroup = NJSLSCQ7KNZKI6OUVNLCB6IH;
			productRefGroup = 3U17KY7N00T25LPS3HBVJBB4 /* Products */;
			projectDirPath = "";
			projectRoot = "";
			targets = (
				SUY8IIOY99ACMUQ9UQAIKU61 /* Runner */,
				MF1PD1A5BC1MVU3U8HQDXAH4 /* RunnerTests */,
			);
		};
/* End PBXProject section */

/* Begin PBXResourcesBuildPhase section */
		4DCHFMESM3WR4511SIIH967S /* Resources */ = {
			isa = PBXResourcesBuildPhase;
			buildActionMask = 2147483647;
			files = (
				6BJUM32LDHKJV9ZNC54T5BL3 /* LaunchScreen.storyboard in Resources */,
				4EQV3XFTMJS1TH6V17F61N4D /* AppFrameworkInfo.plist in Resources */,
				P9L6KWTHBML4EDJ5QCR3VGZK /* Assets.xcassets in Resources */,
				13XO8R9QPTSQEOYUJ0XIJQX3 /* Main.storyboard in Resources */,
			);
			runOnlyForDeploymentPostprocessing = 0;
		};
		6PEMLLEKCU3DKN41R92GT8A8 /* Resources */ = {
			isa = PBXResourcesBuildPhase;
			buildActionMask = 2147483647;
			files = (
			);
			runOnlyForDeploymentPostprocessing = 0;
		};
/* End PBXResourcesBuildPhase section */

/* Begin PBXShellScriptBuildPhase section */
		AGFQZ5741D56NPZ3CHF9UMB6 /* [CP] Embed Pods Frameworks */ = {
			isa = PBXShellScriptBuildPhase;
			buildActionMask = 2147483647;
			files = (
			);
			inputFileListPaths = (
				"${PODS_ROOT}/Target Support Files/Pods-Runner/Pods-Runner-frameworks-${CONFIGURATION}-input-files.xcfilelist",
			);
			name = "[CP] Embed Pods Frameworks";
			outputFileListPaths = (
				"${PODS_ROOT}/Target Support Files/Pods-Runner/Pods-Runner-frameworks-${CONFIGURATION}-output-files.xcfilelist",
			);
			runOnlyForDeploymentPostprocessing = 0;
			shellPath = /bin/sh;
			shellScript = "\"${PODS_ROOT}/Target Support Files/Pods-Runner/Pods-Runner-frameworks.sh\"\n";
			showEnvVarsInLog = 0;
		};
		BE1FWBIX22Y6TBZYL5L2PCCX /* [CP] Check Pods Manifest.lock */ = {
			isa = PBXShellScriptBuildPhase;
			buildActionMask = 2147483647;
			files = (
			);
			inputFileListPaths = (
			);
			inputPaths = (
				"${PODS_PODFILE_DIR_PATH}/Podfile.lock",
				"${PODS_ROOT}/Manifest.lock",
			);
			name = "[CP] Check Pods Manifest.lock";
			outputFileListPaths = (
			);
			outputPaths = (
				"$(DERIVED_FILE_DIR)/Pods-RunnerTests-checkManifestLockResult.txt",
			);
			runOnlyForDeploymentPostprocessing = 0;
			shellPath = /bin/sh;
			shellScript = "diff \"${PODS_PODFILE_DIR_PATH}/Podfile.lock\" \"${PODS_ROOT}/Manifest.lock\" > /dev/null\nif [ $? != 0 ] ; then\n    # print error to STDERR\n    echo \"error: The sandbox is not in sync with the Podfile.lock. Run 'pod install' or update your CocoaPods installation.\" >&2\n    exit 1\nfi\n# This output is used by Xcode 'outputs' to avoid re-running this script phase.\necho \"SUCCESS\" > \"${SCRIPT_OUTPUT_FILE_0}\"\n";
			showEnvVarsInLog = 0;
		};
		UP8JMADB97CYR1D0XCQ2OFQQ /* Thin Binary */ = {
			isa = PBXShellScriptBuildPhase;
			alwaysOutOfDate = 1;
			buildActionMask = 2147483647;
			files = (
			);
			inputPaths = (
				"${TARGET_BUILD_DIR}/${INFOPLIST_PATH}",
			);
			name = "Thin Binary";
			outputPaths = (
			);
			runOnlyForDeploymentPostprocessing = 0;
			shellPath = /bin/sh;
			shellScript = "/bin/sh \"$FLUTTER_ROOT/packages/flutter_tools/bin/xcode_backend.sh\" embed_and_thin";
		};
		UT8F2EEFL94OU4ZTGQ9S4F78 /* [CP] Check Pods Manifest.lock */ = {
			isa = PBXShellScriptBuildPhase;
			buildActionMask = 2147483647;
			files = (
			);
			inputFileListPaths = (
			);
			inputPaths = (
				"${PODS_PODFILE_DIR_PATH}/Podfile.lock",
				"${PODS_ROOT}/Manifest.lock",
			);
			name = "[CP] Check Pods Manifest.lock";
			outputFileListPaths = (
			);
			outputPaths = (
				"$(DERIVED_FILE_DIR)/Pods-Runner-checkManifestLockResult.txt",
			);
			runOnlyForDeploymentPostprocessing = 0;
			shellPath = /bin/sh;
			shellScript = "diff \"${PODS_PODFILE_DIR_PATH}/Podfile.lock\" \"${PODS_ROOT}/Manifest.lock\" > /dev/null\nif [ $? != 0 ] ; then\n    # print error to STDERR\n    echo \"error: The sandbox is not in sync with the Podfile.lock. Run 'pod install' or update your CocoaPods installation.\" >&2\n    exit 1\nfi\n# This output is used by Xcode 'outputs' to avoid re-running this script phase.\necho \"SUCCESS\" > \"${SCRIPT_OUTPUT_FILE_0}\"\n";
			showEnvVarsInLog = 0;
		};
		UYYEAZBYASBRYPIPUV2P7CSG /* Run Script */ = {
			isa = PBXShellScriptBuildPhase;
			alwaysOutOfDate = 1;
			buildActionMask = 2147483647;
			files = (
			);
			inputPaths = (
			);
			name = "Run Script";
			outputPaths = (
			);
			runOnlyForDeploymentPostprocessing = 0;
			shellPath = /bin/sh;
			shellScript = "/bin/sh \"$FLUTTER_ROOT/packages/flutter_tools/bin/xcode_backend.sh\" build";
		};
/* End PBXShellScriptBuildPhase section */

/* Begin PBXSourcesBuildPhase section */
		H7YSH085MB72ZV7TQOTY5K5N /* Sources */ = {
			isa = PBXSourcesBuildPhase;
			buildActionMask = 2147483647;
			files = (
				YZVEULESD3PLN3Q5S8E3O987 /* RunnerTests.swift in Sources */,
			);
			runOnlyForDeploymentPostprocessing = 0;
		};
		NK0TDU4IVKII26C650HVVDPX /* Sources */ = {
			isa = PBXSourcesBuildPhase;
			buildActionMask = 2147483647;
			files = (
				YK1W7QAWVNJDK494Q6Y9K9FY /* AppDelegate.swift in Sources */,
				UBG7W3TCMMFNBT7YUCH4MLHT /* GeneratedPluginRegistrant.m in Sources */,
				7CA4QK91E5YRLEY8EONNQUCR /* SceneDelegate.swift in Sources */,
			);
			runOnlyForDeploymentPostprocessing = 0;
		};
/* End PBXSourcesBuildPhase section */

/* Begin PBXTargetDependency section */
		G346NWJ4UZ4JTT5JZ23GGU65 /* PBXTargetDependency */ = {
			isa = PBXTargetDependency;
			target = SUY8IIOY99ACMUQ9UQAIKU61 /* Runner */;
			targetProxy = KBV2VK7ZAZU3TDZ84UQVS6TP /* PBXContainerItemProxy */;
		};
/* End PBXTargetDependency section */

/* Begin PBXVariantGroup section */
		CUUXJ9F08BIYP8PEWEZ032UN /* LaunchScreen.storyboard */ = {
			isa = PBXVariantGroup;
			children = (
				4Z5RWH3Y4F9RUFABTCR2O4ZU /* Base */,
			);
			name = LaunchScreen.storyboard;
			sourceTree = "<group>";
		};
		U0NBAJG3KEZTXLSW9LYE5KA7 /* Main.storyboard */ = {
			isa = PBXVariantGroup;
			children = (
				9XOLLZ38IC3FDJIERX59VPUY /* Base */,
			);
			name = Main.storyboard;
			sourceTree = "<group>";
		};
/* End PBXVariantGroup section */

/* Begin XCBuildConfiguration section */
		0DSMUV294C1Y627HH6DDV7ZY /* Debug */ = {
			isa = XCBuildConfiguration;
			baseConfigurationReference = 845QL1PO2T1TGT4WALL7PHGE /* Pods-RunnerTests.debug.xcconfig */;
			buildSettings = {
				BUNDLE_LOADER = "$(TEST_HOST)";
				CODE_SIGN_STYLE = Automatic;
				CURRENT_PROJECT_VERSION = 1;
				GENERATE_INFOPLIST_FILE = YES;
				MARKETING_VERSION = 1.0;
				PRODUCT_BUNDLE_IDENTIFIER = com.example.sgzb.RunnerTests;
				PRODUCT_NAME = "$(TARGET_NAME)";
				SWIFT_ACTIVE_COMPILATION_CONDITIONS = DEBUG;
				SWIFT_OPTIMIZATION_LEVEL = "-Onone";
				SWIFT_VERSION = 5.0;
				TEST_HOST = "$(BUILT_PRODUCTS_DIR)/Runner.app/$(BUNDLE_EXECUTABLE_FOLDER_PATH)/Runner";
			};
			name = Debug;
		};
		13VLQZX3RDBHV4681FQO6SS3 /* Release */ = {
			isa = XCBuildConfiguration;
			baseConfigurationReference = DVJN300F7GRHP9HS8KT9KHDC /* Pods-RunnerTests.release.xcconfig */;
			buildSettings = {
				BUNDLE_LOADER = "$(TEST_HOST)";
				CODE_SIGN_STYLE = Automatic;
				CURRENT_PROJECT_VERSION = 1;
				GENERATE_INFOPLIST_FILE = YES;
				MARKETING_VERSION = 1.0;
				PRODUCT_BUNDLE_IDENTIFIER = com.example.sgzb.RunnerTests;
				PRODUCT_NAME = "$(TARGET_NAME)";
				SWIFT_VERSION = 5.0;
				TEST_HOST = "$(BUILT_PRODUCTS_DIR)/Runner.app/$(BUNDLE_EXECUTABLE_FOLDER_PATH)/Runner";
			};
			name = Release;
		};
		1U05B4JKT110GES676QY4VBH /* Release */ = {
			isa = XCBuildConfiguration;
			buildSettings = {
				ALWAYS_SEARCH_USER_PATHS = NO;
				ASSETCATALOG_COMPILER_GENERATE_SWIFT_ASSET_SYMBOL_EXTENSIONS = YES;
				CLANG_ANALYZER_NONNULL = YES;
				CLANG_CXX_LANGUAGE_STANDARD = "gnu++0x";
				CLANG_CXX_LIBRARY = "libc++";
				CLANG_ENABLE_MODULES = YES;
				CLANG_ENABLE_OBJC_ARC = YES;
				CLANG_WARN_BLOCK_CAPTURE_AUTORELEASING = YES;
				CLANG_WARN_BOOL_CONVERSION = YES;
				CLANG_WARN_COMMA = YES;
				CLANG_WARN_CONSTANT_CONVERSION = YES;
				CLANG_WARN_DEPRECATED_OBJC_IMPLEMENTATIONS = YES;
				CLANG_WARN_DIRECT_OBJC_ISA_USAGE = YES_ERROR;
				CLANG_WARN_EMPTY_BODY = YES;
				CLANG_WARN_ENUM_CONVERSION = YES;
				CLANG_WARN_INFINITE_RECURSION = YES;
				CLANG_WARN_INT_CONVERSION = YES;
				CLANG_WARN_NON_LITERAL_NULL_CONVERSION = YES;
				CLANG_WARN_OBJC_IMPLICIT_RETAIN_SELF = YES;
				CLANG_WARN_OBJC_LITERAL_CONVERSION = YES;
				CLANG_WARN_OBJC_ROOT_CLASS = YES_ERROR;
				CLANG_WARN_RANGE_LOOP_ANALYSIS = YES;
				CLANG_WARN_STRICT_PROTOTYPES = YES;
				CLANG_WARN_SUSPICIOUS_MOVE = YES;
				CLANG_WARN_UNREACHABLE_CODE = YES;
				CLANG_WARN__DUPLICATE_METHOD_MATCH = YES;
				"CODE_SIGN_IDENTITY[sdk=iphoneos*]" = "iPhone Developer";
				COPY_PHASE_STRIP = NO;
				DEBUG_INFORMATION_FORMAT = "dwarf-with-dsym";
				ENABLE_NS_ASSERTIONS = NO;
				ENABLE_STRICT_OBJC_MSGSEND = YES;
				ENABLE_USER_SCRIPT_SANDBOXING = NO;
				GCC_C_LANGUAGE_STANDARD = gnu99;
				GCC_NO_COMMON_BLOCKS = YES;
				GCC_WARN_64_TO_32_BIT_CONVERSION = YES;
				GCC_WARN_ABOUT_RETURN_TYPE = YES_ERROR;
				GCC_WARN_UNDECLARED_SELECTOR = YES;
				GCC_WARN_UNINITIALIZED_AUTOS = YES_AGGRESSIVE;
				GCC_WARN_UNUSED_FUNCTION = YES;
				GCC_WARN_UNUSED_VARIABLE = YES;
				IPHONEOS_DEPLOYMENT_TARGET = 13.0;
				MTL_ENABLE_DEBUG_INFO = NO;
				SDKROOT = iphoneos;
				SUPPORTED_PLATFORMS = iphoneos;
				SWIFT_COMPILATION_MODE = wholemodule;
				SWIFT_OPTIMIZATION_LEVEL = "-O";
				TARGETED_DEVICE_FAMILY = "1,2";
				VALIDATE_PRODUCT = YES;
			};
			name = Release;
		};
		2CG3ER2OSI52K08M95VMME7K /* Release */ = {
			isa = XCBuildConfiguration;
			baseConfigurationReference = GFHGMWBEMSAN98ZQ8EPNTPZV /* Release.xcconfig */;
			buildSettings = {
				ASSETCATALOG_COMPILER_APPICON_NAME = AppIcon;
				CLANG_ENABLE_MODULES = YES;
				"CODE_SIGN_IDENTITY[sdk=iphoneos*]" = "iPhone Distribution";
				CODE_SIGN_STYLE = Manual;
				CURRENT_PROJECT_VERSION = "$(FLUTTER_BUILD_NUMBER)";
				DEVELOPMENT_TEAM = "";
				"DEVELOPMENT_TEAM[sdk=iphoneos*]" = N7KYX95W5Z;
				ENABLE_BITCODE = NO;
				INFOPLIST_FILE = Runner/Info.plist;
				LD_RUNPATH_SEARCH_PATHS = (
					"$(inherited)",
					"@executable_path/Frameworks",
				);
				PRODUCT_BUNDLE_IDENTIFIER = com.lonxin.jiuxiao;
				PRODUCT_NAME = "$(TARGET_NAME)";
				PROVISIONING_PROFILE_SPECIFIER = "";
				"PROVISIONING_PROFILE_SPECIFIER[sdk=iphoneos*]" = N7KYX95W5Z.com.lonxin.jiuxiao;
				SUPPORTED_PLATFORMS = "iphoneos iphonesimulator";
				SUPPORTS_MACCATALYST = NO;
				SUPPORTS_MAC_DESIGNED_FOR_IPHONE_IPAD = NO;
				SUPPORTS_XR_DESIGNED_FOR_IPHONE_IPAD = NO;
				SWIFT_OBJC_BRIDGING_HEADER = "Runner/Runner-Bridging-Header.h";
				SWIFT_VERSION = 5.0;
				TARGETED_DEVICE_FAMILY = 1;
				VERSIONING_SYSTEM = "apple-generic";
			};
			name = Release;
		};
		BE3DE3AKHOXBO3Q4JCAAWZQ8 /* Profile */ = {
			isa = XCBuildConfiguration;
			baseConfigurationReference = DKJNWRZL1TQI6GLW9Y6EB2FS /* Pods-RunnerTests.profile.xcconfig */;
			buildSettings = {
				BUNDLE_LOADER = "$(TEST_HOST)";
				CODE_SIGN_STYLE = Automatic;
				CURRENT_PROJECT_VERSION = 1;
				GENERATE_INFOPLIST_FILE = YES;
				MARKETING_VERSION = 1.0;
				PRODUCT_BUNDLE_IDENTIFIER = com.example.sgzb.RunnerTests;
				PRODUCT_NAME = "$(TARGET_NAME)";
				SWIFT_VERSION = 5.0;
				TEST_HOST = "$(BUILT_PRODUCTS_DIR)/Runner.app/$(BUNDLE_EXECUTABLE_FOLDER_PATH)/Runner";
			};
			name = Profile;
		};
		G115F37Y5CVVDRF2A6H3W0TW /* Debug */ = {
			isa = XCBuildConfiguration;
			baseConfigurationReference = SV9WKS6XIZ45DH2MVVCV3QXR /* Debug.xcconfig */;
			buildSettings = {
				ASSETCATALOG_COMPILER_APPICON_NAME = AppIcon;
				CLANG_ENABLE_MODULES = YES;
				"CODE_SIGN_IDENTITY[sdk=iphoneos*]" = "iPhone Distribution";
				CODE_SIGN_STYLE = Manual;
				CURRENT_PROJECT_VERSION = "$(FLUTTER_BUILD_NUMBER)";
				DEVELOPMENT_TEAM = "";
				"DEVELOPMENT_TEAM[sdk=iphoneos*]" = N7KYX95W5Z;
				ENABLE_BITCODE = NO;
				INFOPLIST_FILE = Runner/Info.plist;
				LD_RUNPATH_SEARCH_PATHS = (
					"$(inherited)",
					"@executable_path/Frameworks",
				);
				PRODUCT_BUNDLE_IDENTIFIER = com.lonxin.jiuxiao;
				PRODUCT_NAME = "$(TARGET_NAME)";
				PROVISIONING_PROFILE_SPECIFIER = "";
				"PROVISIONING_PROFILE_SPECIFIER[sdk=iphoneos*]" = N7KYX95W5Z.com.lonxin.jiuxiao;
				SUPPORTED_PLATFORMS = "iphoneos iphonesimulator";
				SUPPORTS_MACCATALYST = NO;
				SUPPORTS_MAC_DESIGNED_FOR_IPHONE_IPAD = NO;
				SUPPORTS_XR_DESIGNED_FOR_IPHONE_IPAD = NO;
				SWIFT_OBJC_BRIDGING_HEADER = "Runner/Runner-Bridging-Header.h";
				SWIFT_OPTIMIZATION_LEVEL = "-Onone";
				SWIFT_VERSION = 5.0;
				TARGETED_DEVICE_FAMILY = 1;
				VERSIONING_SYSTEM = "apple-generic";
			};
			name = Debug;
		};
		MV6M8BHIJS04K5RVNQC67VS9 /* Profile */ = {
			isa = XCBuildConfiguration;
			baseConfigurationReference = GFHGMWBEMSAN98ZQ8EPNTPZV /* Release.xcconfig */;
			buildSettings = {
				ASSETCATALOG_COMPILER_APPICON_NAME = AppIcon;
				CLANG_ENABLE_MODULES = YES;
				"CODE_SIGN_IDENTITY[sdk=iphoneos*]" = "iPhone Distribution";
				CODE_SIGN_STYLE = Manual;
				CURRENT_PROJECT_VERSION = "$(FLUTTER_BUILD_NUMBER)";
				DEVELOPMENT_TEAM = "";
				"DEVELOPMENT_TEAM[sdk=iphoneos*]" = N7KYX95W5Z;
				ENABLE_BITCODE = NO;
				INFOPLIST_FILE = Runner/Info.plist;
				LD_RUNPATH_SEARCH_PATHS = (
					"$(inherited)",
					"@executable_path/Frameworks",
				);
				PRODUCT_BUNDLE_IDENTIFIER = com.lonxin.jiuxiao;
				PRODUCT_NAME = "$(TARGET_NAME)";
				PROVISIONING_PROFILE_SPECIFIER = "";
				"PROVISIONING_PROFILE_SPECIFIER[sdk=iphoneos*]" = N7KYX95W5Z.com.lonxin.jiuxiao;
				SUPPORTED_PLATFORMS = "iphoneos iphonesimulator";
				SUPPORTS_MACCATALYST = NO;
				SUPPORTS_MAC_DESIGNED_FOR_IPHONE_IPAD = NO;
				SUPPORTS_XR_DESIGNED_FOR_IPHONE_IPAD = NO;
				SWIFT_OBJC_BRIDGING_HEADER = "Runner/Runner-Bridging-Header.h";
				SWIFT_VERSION = 5.0;
				TARGETED_DEVICE_FAMILY = 1;
				VERSIONING_SYSTEM = "apple-generic";
			};
			name = Profile;
		};
		N7D81CSC5Y51CJNVJL1Z9LQJ /* Debug */ = {
			isa = XCBuildConfiguration;
			buildSettings = {
				ALWAYS_SEARCH_USER_PATHS = NO;
				ASSETCATALOG_COMPILER_GENERATE_SWIFT_ASSET_SYMBOL_EXTENSIONS = YES;
				CLANG_ANALYZER_NONNULL = YES;
				CLANG_CXX_LANGUAGE_STANDARD = "gnu++0x";
				CLANG_CXX_LIBRARY = "libc++";
				CLANG_ENABLE_MODULES = YES;
				CLANG_ENABLE_OBJC_ARC = YES;
				CLANG_WARN_BLOCK_CAPTURE_AUTORELEASING = YES;
				CLANG_WARN_BOOL_CONVERSION = YES;
				CLANG_WARN_COMMA = YES;
				CLANG_WARN_CONSTANT_CONVERSION = YES;
				CLANG_WARN_DEPRECATED_OBJC_IMPLEMENTATIONS = YES;
				CLANG_WARN_DIRECT_OBJC_ISA_USAGE = YES_ERROR;
				CLANG_WARN_EMPTY_BODY = YES;
				CLANG_WARN_ENUM_CONVERSION = YES;
				CLANG_WARN_INFINITE_RECURSION = YES;
				CLANG_WARN_INT_CONVERSION = YES;
				CLANG_WARN_NON_LITERAL_NULL_CONVERSION = YES;
				CLANG_WARN_OBJC_IMPLICIT_RETAIN_SELF = YES;
				CLANG_WARN_OBJC_LITERAL_CONVERSION = YES;
				CLANG_WARN_OBJC_ROOT_CLASS = YES_ERROR;
				CLANG_WARN_RANGE_LOOP_ANALYSIS = YES;
				CLANG_WARN_STRICT_PROTOTYPES = YES;
				CLANG_WARN_SUSPICIOUS_MOVE = YES;
				CLANG_WARN_UNREACHABLE_CODE = YES;
				CLANG_WARN__DUPLICATE_METHOD_MATCH = YES;
				"CODE_SIGN_IDENTITY[sdk=iphoneos*]" = "iPhone Developer";
				COPY_PHASE_STRIP = NO;
				DEBUG_INFORMATION_FORMAT = dwarf;
				ENABLE_STRICT_OBJC_MSGSEND = YES;
				ENABLE_TESTABILITY = YES;
				ENABLE_USER_SCRIPT_SANDBOXING = NO;
				GCC_C_LANGUAGE_STANDARD = gnu99;
				GCC_DYNAMIC_NO_PIC = NO;
				GCC_NO_COMMON_BLOCKS = YES;
				GCC_OPTIMIZATION_LEVEL = 0;
				GCC_PREPROCESSOR_DEFINITIONS = (
					"DEBUG=1",
					"$(inherited)",
				);
				GCC_WARN_64_TO_32_BIT_CONVERSION = YES;
				GCC_WARN_ABOUT_RETURN_TYPE = YES_ERROR;
				GCC_WARN_UNDECLARED_SELECTOR = YES;
				GCC_WARN_UNINITIALIZED_AUTOS = YES_AGGRESSIVE;
				GCC_WARN_UNUSED_FUNCTION = YES;
				GCC_WARN_UNUSED_VARIABLE = YES;
				IPHONEOS_DEPLOYMENT_TARGET = 13.0;
				MTL_ENABLE_DEBUG_INFO = YES;
				ONLY_ACTIVE_ARCH = YES;
				SDKROOT = iphoneos;
				TARGETED_DEVICE_FAMILY = "1,2";
			};
			name = Debug;
		};
		NAWYNGJVFU7V1WI29Z9BAWWL /* Profile */ = {
			isa = XCBuildConfiguration;
			buildSettings = {
				ALWAYS_SEARCH_USER_PATHS = NO;
				ASSETCATALOG_COMPILER_GENERATE_SWIFT_ASSET_SYMBOL_EXTENSIONS = YES;
				CLANG_ANALYZER_NONNULL = YES;
				CLANG_CXX_LANGUAGE_STANDARD = "gnu++0x";
				CLANG_CXX_LIBRARY = "libc++";
				CLANG_ENABLE_MODULES = YES;
				CLANG_ENABLE_OBJC_ARC = YES;
				CLANG_WARN_BLOCK_CAPTURE_AUTORELEASING = YES;
				CLANG_WARN_BOOL_CONVERSION = YES;
				CLANG_WARN_COMMA = YES;
				CLANG_WARN_CONSTANT_CONVERSION = YES;
				CLANG_WARN_DEPRECATED_OBJC_IMPLEMENTATIONS = YES;
				CLANG_WARN_DIRECT_OBJC_ISA_USAGE = YES_ERROR;
				CLANG_WARN_EMPTY_BODY = YES;
				CLANG_WARN_ENUM_CONVERSION = YES;
				CLANG_WARN_INFINITE_RECURSION = YES;
				CLANG_WARN_INT_CONVERSION = YES;
				CLANG_WARN_NON_LITERAL_NULL_CONVERSION = YES;
				CLANG_WARN_OBJC_IMPLICIT_RETAIN_SELF = YES;
				CLANG_WARN_OBJC_LITERAL_CONVERSION = YES;
				CLANG_WARN_OBJC_ROOT_CLASS = YES_ERROR;
				CLANG_WARN_RANGE_LOOP_ANALYSIS = YES;
				CLANG_WARN_STRICT_PROTOTYPES = YES;
				CLANG_WARN_SUSPICIOUS_MOVE = YES;
				CLANG_WARN_UNREACHABLE_CODE = YES;
				CLANG_WARN__DUPLICATE_METHOD_MATCH = YES;
				"CODE_SIGN_IDENTITY[sdk=iphoneos*]" = "iPhone Developer";
				COPY_PHASE_STRIP = NO;
				DEBUG_INFORMATION_FORMAT = "dwarf-with-dsym";
				ENABLE_NS_ASSERTIONS = NO;
				ENABLE_STRICT_OBJC_MSGSEND = YES;
				ENABLE_USER_SCRIPT_SANDBOXING = NO;
				GCC_C_LANGUAGE_STANDARD = gnu99;
				GCC_NO_COMMON_BLOCKS = YES;
				GCC_WARN_64_TO_32_BIT_CONVERSION = YES;
				GCC_WARN_ABOUT_RETURN_TYPE = YES_ERROR;
				GCC_WARN_UNDECLARED_SELECTOR = YES;
				GCC_WARN_UNINITIALIZED_AUTOS = YES_AGGRESSIVE;
				GCC_WARN_UNUSED_FUNCTION = YES;
				GCC_WARN_UNUSED_VARIABLE = YES;
				IPHONEOS_DEPLOYMENT_TARGET = 13.0;
				MTL_ENABLE_DEBUG_INFO = NO;
				SDKROOT = iphoneos;
				SUPPORTED_PLATFORMS = iphoneos;
				TARGETED_DEVICE_FAMILY = "1,2";
				VALIDATE_PRODUCT = YES;
			};
			name = Profile;
		};
/* End XCBuildConfiguration section */

/* Begin XCConfigurationList section */
		CQRD65FD2XHHUMYX92R3HMVE /* Build configuration list for PBXNativeTarget "Runner" */ = {
			isa = XCConfigurationList;
			buildConfigurations = (
				G115F37Y5CVVDRF2A6H3W0TW /* Debug */,
				2CG3ER2OSI52K08M95VMME7K /* Release */,
				MV6M8BHIJS04K5RVNQC67VS9 /* Profile */,
			);
			defaultConfigurationIsVisible = 0;
			defaultConfigurationName = Release;
		};
		OLMX2I7AS7X0WSV7CPG0XK7C /* Build configuration list for PBXProject "Runner" */ = {
			isa = XCConfigurationList;
			buildConfigurations = (
				N7D81CSC5Y51CJNVJL1Z9LQJ /* Debug */,
				1U05B4JKT110GES676QY4VBH /* Release */,
				NAWYNGJVFU7V1WI29Z9BAWWL /* Profile */,
			);
			defaultConfigurationIsVisible = 0;
			defaultConfigurationName = Release;
		};
		YIXNNGAD4SP3DLQT5HMWASAN /* Build configuration list for PBXNativeTarget "RunnerTests" */ = {
			isa = XCConfigurationList;
			buildConfigurations = (
				0DSMUV294C1Y627HH6DDV7ZY /* Debug */,
				13VLQZX3RDBHV4681FQO6SS3 /* Release */,
				BE3DE3AKHOXBO3Q4JCAAWZQ8 /* Profile */,
			);
			defaultConfigurationIsVisible = 0;
			defaultConfigurationName = Release;
		};
/* End XCConfigurationList section */
	};
	rootObject = EHXL8UGZFV57CPAUPAGIDAMX /* Project object */;
}
